
Microsoft Visual Studio Solution File, Format Version 12.00
# Visual Studio Version 17
VisualStudioVersion = 17.8.34330.188
MinimumVisualStudioVersion = 10.0.40219.1
Project("{FAE04EC0-301F-11D3-BF4B-00C04F79EFBC}") = "Torc.Api", "Torc.Api\Torc.Api.csproj", "{CC612352-FAB8-4433-AC94-0F3B6982D6F1}"
EndProject
Project("{2150E333-8FDC-42A3-9474-1A3956D46DE8}") = "1 - API", "1 - API", "{A77B3932-66CA-4A0B-AFB2-953B11D7647A}"
EndProject
Project("{2150E333-8FDC-42A3-9474-1A3956D46DE8}") = "2 - BLL", "2 - BLL", "{0F097C90-6FA3-445F-8717-EE8D108E39A2}"
EndProject
Project("{FAE04EC0-301F-11D3-BF4B-00C04F79EFBC}") = "Torc.BLL", "Torc.BLL\Torc.BLL.csproj", "{47EFB984-F332-45BD-989E-688A4BA479FB}"
EndProject
Project("{2150E333-8FDC-42A3-9474-1A3956D46DE8}") = "3 - DAL", "3 - DAL", "{6D6FD68E-21B6-482D-9585-3E19A69F8ADC}"
EndProject
Project("{FAE04EC0-301F-11D3-BF4B-00C04F79EFBC}") = "Torc.DAL", "Torc.DAL\Torc.DAL.csproj", "{80F4702C-A2AD-4EFC-B2D3-55C50527EA31}"
EndProject
Global
	GlobalSection(SolutionConfigurationPlatforms) = preSolution
		Debug|Any CPU = Debug|Any CPU
		Release|Any CPU = Release|Any CPU
	EndGlobalSection
	GlobalSection(ProjectConfigurationPlatforms) = postSolution
		{CC612352-FAB8-4433-AC94-0F3B6982D6F1}.Debug|Any CPU.ActiveCfg = Debug|Any CPU
		{CC612352-FAB8-4433-AC94-0F3B6982D6F1}.Debug|Any CPU.Build.0 = Debug|Any CPU
		{CC612352-FAB8-4433-AC94-0F3B6982D6F1}.Release|Any CPU.ActiveCfg = Release|Any CPU
		{CC612352-FAB8-4433-AC94-0F3B6982D6F1}.Release|Any CPU.Build.0 = Release|Any CPU
		{47EFB984-F332-45BD-989E-688A4BA479FB}.Debug|Any CPU.ActiveCfg = Debug|Any CPU
		{47EFB984-F332-45BD-989E-688A4BA479FB}.Debug|Any CPU.Build.0 = Debug|Any CPU
		{47EFB984-F332-45BD-989E-688A4BA479FB}.Release|Any CPU.ActiveCfg = Release|Any CPU
		{47EFB984-F332-45BD-989E-688A4BA479FB}.Release|Any CPU.Build.0 = Release|Any CPU
		{80F4702C-A2AD-4EFC-B2D3-55C50527EA31}.Debug|Any CPU.ActiveCfg = Debug|Any CPU
		{80F4702C-A2AD-4EFC-B2D3-55C50527EA31}.Debug|Any CPU.Build.0 = Debug|Any CPU
		{80F4702C-A2AD-4EFC-B2D3-55C50527EA31}.Release|Any CPU.ActiveCfg = Release|Any CPU
		{80F4702C-A2AD-4EFC-B2D3-55C50527EA31}.Release|Any CPU.Build.0 = Release|Any CPU
	EndGlobalSection
	GlobalSection(SolutionProperties) = preSolution
		HideSolutionNode = FALSE
	EndGlobalSection
	GlobalSection(NestedProjects) = preSolution
		{CC612352-FAB8-4433-AC94-0F3B6982D6F1} = {A77B3932-66CA-4A0B-AFB2-953B11D7647A}
		{47EFB984-F332-45BD-989E-688A4BA479FB} = {0F097C90-6FA3-445F-8717-EE8D108E39A2}
		{80F4702C-A2AD-4EFC-B2D3-55C50527EA31} = {6D6FD68E-21B6-482D-9585-3E19A69F8ADC}
	EndGlobalSection
	GlobalSection(ExtensibilityGlobals) = postSolution
		SolutionGuid = {7811FC46-A3E4-4111-9D78-951FAD0BFD1D}
	EndGlobalSection
EndGlobal
